github.com/ninlil/ansi v1.1.0 h1:Juyp5opo/A3FzMWp70nB0aHI5+2EXzxnpwxcV66P/+c=
github.com/ninlil/ansi v1.1.0/go.mod h1:cD9ioDvZoliUlzbJd1/hr8dnBCAwaAqJs6S7zXMuf1Y=
github.com/ninlil/ansi v1.1.2 h1:OzsTSYOVAxzegfZMUKj68mdU9wpyNLrLXlJ5asolrCg=
github.com/ninlil/ansi v1.1.2/go.mod h1:cD9ioDvZoliUlzbJd1/hr8dnBCAwaAqJs6S7zXMuf1Y=
